
Microsoft Visual Studio Solution File, Format Version 12.00
# Visual Studio Express 14 for Web
VisualStudioVersion = 14.0.25420.1
MinimumVisualStudioVersion = 10.0.40219.1
Project("{FAE04EC0-301F-11D3-BF4B-00C04F79EFBC}") = "LunchTime.UI.MVC", "LunchTime\LunchTime.UI.MVC.csproj", "{DBF2546B-C190-4CF9-B069-CE4FEE825A0F}"
EndProject
Project("{FAE04EC0-301F-11D3-BF4B-00C04F79EFBC}") = "LunchTime.Tests", "LunchTime.Tests\LunchTime.Tests.csproj", "{35A7571F-B978-459B-9104-0EB89285DE21}"
EndProject
Project("{2150E333-8FDC-42A3-9474-1A3956D46DE8}") = "Application", "Application", "{47E4842D-8CF5-4E8D-A6E9-C4699EC4B2EB}"
EndProject
Project("{2150E333-8FDC-42A3-9474-1A3956D46DE8}") = "Domain", "Domain", "{6B3FED7D-331E-492A-B3DC-D57D79C4BE6A}"
EndProject
Project("{2150E333-8FDC-42A3-9474-1A3956D46DE8}") = "Infra", "Infra", "{1BCC5695-4940-40B9-9A2C-91F2B52D36D6}"
EndProject
Project("{2150E333-8FDC-42A3-9474-1A3956D46DE8}") = "Presentation", "Presentation", "{3BA91DDF-A3ED-4B77-B590-50627AC6D033}"
EndProject
Project("{2150E333-8FDC-42A3-9474-1A3956D46DE8}") = "CrossCutting", "CrossCutting", "{FD3CCB1E-0B06-4047-88C4-04FC86DF7A80}"
EndProject
Project("{2150E333-8FDC-42A3-9474-1A3956D46DE8}") = "Data", "Data", "{523BB8E0-F21D-46DB-A152-776BEB64533C}"
EndProject
Project("{FAE04EC0-301F-11D3-BF4B-00C04F79EFBC}") = "LunchTime.Infra.CrossCutting.Helper", "LunchTime.Infra.CrossCutting.Helper\LunchTime.Infra.CrossCutting.Helper.csproj", "{1E95A391-EC09-42FA-AE41-46D579D9F4A8}"
EndProject
Project("{FAE04EC0-301F-11D3-BF4B-00C04F79EFBC}") = "LunchTime.Infra.Data", "LunchTime.Infra.Data\LunchTime.Infra.Data.csproj", "{1D87A8CB-823B-46DA-B30C-24132225E680}"
EndProject
Project("{FAE04EC0-301F-11D3-BF4B-00C04F79EFBC}") = "LunchTime.Domain", "LunchTime.Domain\LunchTime.Domain.csproj", "{82D634AF-5565-4135-8CB8-CC102A334F74}"
EndProject
Project("{FAE04EC0-301F-11D3-BF4B-00C04F79EFBC}") = "LunchTime.Application", "LunchTime.Application\LunchTime.Application.csproj", "{5C9DD63D-7865-484F-A6FF-3FDBE226B682}"
EndProject
Project("{FAE04EC0-301F-11D3-BF4B-00C04F79EFBC}") = "LunchTime.Data.ExternalServices", "LunchTime.Data.ExternalServices\LunchTime.Data.ExternalServices.csproj", "{809024CD-B0D0-4729-A35E-B0302B8016C5}"
EndProject
Global
	GlobalSection(SolutionConfigurationPlatforms) = preSolution
		Debug|Any CPU = Debug|Any CPU
		Release|Any CPU = Release|Any CPU
	EndGlobalSection
	GlobalSection(ProjectConfigurationPlatforms) = postSolution
		{DBF2546B-C190-4CF9-B069-CE4FEE825A0F}.Debug|Any CPU.ActiveCfg = Debug|Any CPU
		{DBF2546B-C190-4CF9-B069-CE4FEE825A0F}.Debug|Any CPU.Build.0 = Debug|Any CPU
		{DBF2546B-C190-4CF9-B069-CE4FEE825A0F}.Release|Any CPU.ActiveCfg = Release|Any CPU
		{DBF2546B-C190-4CF9-B069-CE4FEE825A0F}.Release|Any CPU.Build.0 = Release|Any CPU
		{35A7571F-B978-459B-9104-0EB89285DE21}.Debug|Any CPU.ActiveCfg = Debug|Any CPU
		{35A7571F-B978-459B-9104-0EB89285DE21}.Debug|Any CPU.Build.0 = Debug|Any CPU
		{35A7571F-B978-459B-9104-0EB89285DE21}.Release|Any CPU.ActiveCfg = Release|Any CPU
		{35A7571F-B978-459B-9104-0EB89285DE21}.Release|Any CPU.Build.0 = Release|Any CPU
		{1E95A391-EC09-42FA-AE41-46D579D9F4A8}.Debug|Any CPU.ActiveCfg = Debug|Any CPU
		{1E95A391-EC09-42FA-AE41-46D579D9F4A8}.Debug|Any CPU.Build.0 = Debug|Any CPU
		{1E95A391-EC09-42FA-AE41-46D579D9F4A8}.Release|Any CPU.ActiveCfg = Release|Any CPU
		{1E95A391-EC09-42FA-AE41-46D579D9F4A8}.Release|Any CPU.Build.0 = Release|Any CPU
		{1D87A8CB-823B-46DA-B30C-24132225E680}.Debug|Any CPU.ActiveCfg = Debug|Any CPU
		{1D87A8CB-823B-46DA-B30C-24132225E680}.Debug|Any CPU.Build.0 = Debug|Any CPU
		{1D87A8CB-823B-46DA-B30C-24132225E680}.Release|Any CPU.ActiveCfg = Release|Any CPU
		{1D87A8CB-823B-46DA-B30C-24132225E680}.Release|Any CPU.Build.0 = Release|Any CPU
		{82D634AF-5565-4135-8CB8-CC102A334F74}.Debug|Any CPU.ActiveCfg = Debug|Any CPU
		{82D634AF-5565-4135-8CB8-CC102A334F74}.Debug|Any CPU.Build.0 = Debug|Any CPU
		{82D634AF-5565-4135-8CB8-CC102A334F74}.Release|Any CPU.ActiveCfg = Release|Any CPU
		{82D634AF-5565-4135-8CB8-CC102A334F74}.Release|Any CPU.Build.0 = Release|Any CPU
		{5C9DD63D-7865-484F-A6FF-3FDBE226B682}.Debug|Any CPU.ActiveCfg = Debug|Any CPU
		{5C9DD63D-7865-484F-A6FF-3FDBE226B682}.Debug|Any CPU.Build.0 = Debug|Any CPU
		{5C9DD63D-7865-484F-A6FF-3FDBE226B682}.Release|Any CPU.ActiveCfg = Release|Any CPU
		{5C9DD63D-7865-484F-A6FF-3FDBE226B682}.Release|Any CPU.Build.0 = Release|Any CPU
		{809024CD-B0D0-4729-A35E-B0302B8016C5}.Debug|Any CPU.ActiveCfg = Debug|Any CPU
		{809024CD-B0D0-4729-A35E-B0302B8016C5}.Debug|Any CPU.Build.0 = Debug|Any CPU
		{809024CD-B0D0-4729-A35E-B0302B8016C5}.Release|Any CPU.ActiveCfg = Release|Any CPU
		{809024CD-B0D0-4729-A35E-B0302B8016C5}.Release|Any CPU.Build.0 = Release|Any CPU
	EndGlobalSection
	GlobalSection(SolutionProperties) = preSolution
		HideSolutionNode = FALSE
	EndGlobalSection
	GlobalSection(NestedProjects) = preSolution
		{DBF2546B-C190-4CF9-B069-CE4FEE825A0F} = {3BA91DDF-A3ED-4B77-B590-50627AC6D033}
		{FD3CCB1E-0B06-4047-88C4-04FC86DF7A80} = {1BCC5695-4940-40B9-9A2C-91F2B52D36D6}
		{523BB8E0-F21D-46DB-A152-776BEB64533C} = {1BCC5695-4940-40B9-9A2C-91F2B52D36D6}
		{1E95A391-EC09-42FA-AE41-46D579D9F4A8} = {FD3CCB1E-0B06-4047-88C4-04FC86DF7A80}
		{1D87A8CB-823B-46DA-B30C-24132225E680} = {523BB8E0-F21D-46DB-A152-776BEB64533C}
		{82D634AF-5565-4135-8CB8-CC102A334F74} = {6B3FED7D-331E-492A-B3DC-D57D79C4BE6A}
		{5C9DD63D-7865-484F-A6FF-3FDBE226B682} = {47E4842D-8CF5-4E8D-A6E9-C4699EC4B2EB}
		{809024CD-B0D0-4729-A35E-B0302B8016C5} = {523BB8E0-F21D-46DB-A152-776BEB64533C}
	EndGlobalSection
EndGlobal
